
Microsoft Visual Studio Solution File, Format Version 12.00
# Visual Studio Version 17
VisualStudioVersion = 17.12.35309.182
MinimumVisualStudioVersion = 10.0.40219.1
Project("{FAE04EC0-301F-11D3-BF4B-00C04F79EFBC}") = "FunctionAppSharebook", "FunctionAppSharebook.csproj", "{145130CC-82B5-48DE-A544-DA610AF4B543}"
EndProject
Global
	GlobalSection(SolutionConfigurationPlatforms) = preSolution
		Debug|Any CPU = Debug|Any CPU
		Release|Any CPU = Release|Any CPU
	EndGlobalSection
	GlobalSection(ProjectConfigurationPlatforms) = postSolution
		{145130CC-82B5-48DE-A544-DA610AF4B543}.Debug|Any CPU.ActiveCfg = Debug|Any CPU
		{145130CC-82B5-48DE-A544-DA610AF4B543}.Debug|Any CPU.Build.0 = Debug|Any CPU
		{145130CC-82B5-48DE-A544-DA610AF4B543}.Release|Any CPU.ActiveCfg = Release|Any CPU
		{145130CC-82B5-48DE-A544-DA610AF4B543}.Release|Any CPU.Build.0 = Release|Any CPU
	EndGlobalSection
	GlobalSection(SolutionProperties) = preSolution
		HideSolutionNode = FALSE
	EndGlobalSection
	GlobalSection(ExtensibilityGlobals) = postSolution
		SolutionGuid = {A61FEBE6-C706-45D0-B7AE-62CDE3003C4E}
	EndGlobalSection
EndGlobal
